# @generated - this file is auto-generated by `mise lock` https://mise.jdx.dev/dev-tools/mise-lock.html

lockfile_version = 1

[[tools."github:agavra/tuicr"]]
version = "0.24.0"
backend = "github:agavra/tuicr"
specifiers = ["v0.24.0"]

[tools."github:agavra/tuicr"."platforms.linux-arm64"]
checksum = "sha256:04f1fca7f1a60a40cafa8ae357d47acc361cc20fab26197f23d83184bedeab15"
url = "https://github.com/agavra/tuicr/releases/download/v0.24.0/tuicr-0.24.0-aarch64-unknown-linux-gnu.tar.gz"
url_api = "https://api.github.com/repos/agavra/tuicr/releases/assets/529549990"

[tools."github:agavra/tuicr"."platforms.linux-arm64-musl"]
checksum = "sha256:bff2f9c3f10c322c48ff1641b3a6c2584697c6a63a61a0f9a63f447d107746bf"
url = "https://github.com/agavra/tuicr/releases/download/v0.24.0/tuicr-0.24.0-aarch64-unknown-linux-musl.tar.gz"
url_api = "https://api.github.com/repos/agavra/tuicr/releases/assets/529550267"

[tools."github:agavra/tuicr"."platforms.linux-x64"]
checksum = "sha256:a6959bbe05644fde43e3fe1c13e23653f25c441b7d34f38d015b3a8de85aac8d"
url = "https://github.com/agavra/tuicr/releases/download/v0.24.0/tuicr-0.24.0-x86_64-unknown-linux-gnu.tar.gz"
url_api = "https://api.github.com/repos/agavra/tuicr/releases/assets/529551008"

[tools."github:agavra/tuicr"."platforms.linux-x64-musl"]
checksum = "sha256:8fef201937cba0d894512b6f32e742edec9cf817e20225f94b0ac00486da735e"
url = "https://github.com/agavra/tuicr/releases/download/v0.24.0/tuicr-0.24.0-x86_64-unknown-linux-musl.tar.gz"
url_api = "https://api.github.com/repos/agavra/tuicr/releases/assets/529551391"

[tools."github:agavra/tuicr"."platforms.macos-arm64"]
checksum = "sha256:25631798033a6434f6042c6f51b33a6ce918840e15cab290e992ffde9a8789ee"
url = "https://github.com/agavra/tuicr/releases/download/v0.24.0/tuicr-0.24.0-aarch64-apple-darwin.tar.gz"
url_api = "https://api.github.com/repos/agavra/tuicr/releases/assets/529551249"

[tools."github:agavra/tuicr"."platforms.macos-x64"]
checksum = "sha256:d0390c18371a52700b0a8b179aa9eb2f0212826dc2f0c7773ddd9a9f20218aa3"
url = "https://github.com/agavra/tuicr/releases/download/v0.24.0/tuicr-0.24.0-x86_64-apple-darwin.tar.gz"
url_api = "https://api.github.com/repos/agavra/tuicr/releases/assets/529552522"

[tools."github:agavra/tuicr"."platforms.windows-x64"]
checksum = "sha256:c1cd6a5418ff5d39673949a0078872df3622a1832780352df3af56556056a2f0"
url = "https://github.com/agavra/tuicr/releases/download/v0.24.0/tuicr-0.24.0-x86_64-pc-windows-msvc.zip"
url_api = "https://api.github.com/repos/agavra/tuicr/releases/assets/529553290"

[[tools."github:jesseduffield/lazygit"]]
version = "0.64.1"
backend = "github:jesseduffield/lazygit"
specifiers = ["v0.64.1"]

[tools."github:jesseduffield/lazygit"."platforms.linux-arm64"]
checksum = "sha256:8b7ca3b344e60340ad1f89f29b9868ee39bcaba5bb92ee818bbe65476bb8b6e7"
url = "https://github.com/jesseduffield/lazygit/releases/download/v0.64.1/lazygit_0.64.1_linux_arm64.tar.gz"
url_api = "https://api.github.com/repos/jesseduffield/lazygit/releases/assets/511894160"

[tools."github:jesseduffield/lazygit"."platforms.linux-arm64-musl"]
checksum = "sha256:8b7ca3b344e60340ad1f89f29b9868ee39bcaba5bb92ee818bbe65476bb8b6e7"
url = "https://github.com/jesseduffield/lazygit/releases/download/v0.64.1/lazygit_0.64.1_linux_arm64.tar.gz"
url_api = "https://api.github.com/repos/jesseduffield/lazygit/releases/assets/511894160"

[tools."github:jesseduffield/lazygit"."platforms.linux-x64"]
checksum = "sha256:f8ea237c41f194cd799b48505518bfdaae4edf5a2ad6bd3d898e939785ee4532"
url = "https://github.com/jesseduffield/lazygit/releases/download/v0.64.1/lazygit_0.64.1_linux_x86_64.tar.gz"
url_api = "https://api.github.com/repos/jesseduffield/lazygit/releases/assets/511894209"

[tools."github:jesseduffield/lazygit"."platforms.linux-x64-musl"]
checksum = "sha256:f8ea237c41f194cd799b48505518bfdaae4edf5a2ad6bd3d898e939785ee4532"
url = "https://github.com/jesseduffield/lazygit/releases/download/v0.64.1/lazygit_0.64.1_linux_x86_64.tar.gz"
url_api = "https://api.github.com/repos/jesseduffield/lazygit/releases/assets/511894209"

[tools."github:jesseduffield/lazygit"."platforms.macos-arm64"]
checksum = "sha256:a106b4c1bf8ab7539c4afb40a01cbde263a96513cdcb8bf7630278f07e88cd99"
url = "https://github.com/jesseduffield/lazygit/releases/download/v0.64.1/lazygit_0.64.1_darwin_arm64.tar.gz"
url_api = "https://api.github.com/repos/jesseduffield/lazygit/releases/assets/511894212"

[tools."github:jesseduffield/lazygit"."platforms.macos-x64"]
checksum = "sha256:f727fdf2efa46f78d102639eafe085cef437928da1e9ec79ec8e203b8a12f2a2"
url = "https://github.com/jesseduffield/lazygit/releases/download/v0.64.1/lazygit_0.64.1_darwin_x86_64.tar.gz"
url_api = "https://api.github.com/repos/jesseduffield/lazygit/releases/assets/511894192"

[tools."github:jesseduffield/lazygit"."platforms.windows-x64"]
checksum = "sha256:de8eca2cf2e75857882d313bf9dfc706a7aae893951ab29df706c99b525661ae"
url = "https://github.com/jesseduffield/lazygit/releases/download/v0.64.1/lazygit_0.64.1_windows_x86_64.zip"
url_api = "https://api.github.com/repos/jesseduffield/lazygit/releases/assets/511894165"

[[tools.uv]]
version = "0.12.6"
backend = "aqua:astral-sh/uv"
specifiers = [
    "0.12.6",
    "latest",
]

[tools.uv."platforms.linux-arm64"]
checksum = "sha256:d58030acd26159499ac82f32da12d1b3c12a3a1bfc414232d9082070c03e128d"
url = "https://github.com/astral-sh/uv/releases/download/0.12.6/uv-aarch64-unknown-linux-gnu.tar.gz"
url_api = "https://api.github.com/repos/astral-sh/uv/releases/assets/529690727"
provenance = "github-attestations"

[tools.uv."platforms.linux-arm64-musl"]
checksum = "sha256:3719891de9ab41c878a84331e55826d2a46421976a346a65326513a6795b089a"
url = "https://github.com/astral-sh/uv/releases/download/0.12.6/uv-aarch64-unknown-linux-musl.tar.gz"
url_api = "https://api.github.com/repos/astral-sh/uv/releases/assets/529690733"
provenance = "github-attestations"

[tools.uv."platforms.linux-x64"]
checksum = "sha256:8681d8921e7d520fb368991dcf5f9c1905b80f5bf2a265a0ed085c8d8e342477"
url = "https://github.com/astral-sh/uv/releases/download/0.12.6/uv-x86_64-unknown-linux-gnu.tar.gz"
url_api = "https://api.github.com/repos/astral-sh/uv/releases/assets/529690831"
provenance = "github-attestations"

[tools.uv."platforms.linux-x64-musl"]
checksum = "sha256:14e4172aace66a475062cebec7ca04f497d5619e95325dfcc9e4447b9c516846"
url = "https://github.com/astral-sh/uv/releases/download/0.12.6/uv-x86_64-unknown-linux-musl.tar.gz"
url_api = "https://api.github.com/repos/astral-sh/uv/releases/assets/529690844"
provenance = "github-attestations"

[tools.uv."platforms.macos-arm64"]
checksum = "sha256:14b459d51ea2e71eeba28c45a268c922bdf8607fc6455e3f40b4e082895d160d"
url = "https://github.com/astral-sh/uv/releases/download/0.12.6/uv-aarch64-apple-darwin.tar.gz"
url_api = "https://api.github.com/repos/astral-sh/uv/releases/assets/529690707"
provenance = "github-attestations"

[tools.uv."platforms.macos-x64"]
checksum = "sha256:2a26ea71bbeff1c7e12c2cc40245c96a041deff276bc921e7038e304d5d3e04c"
url = "https://github.com/astral-sh/uv/releases/download/0.12.6/uv-x86_64-apple-darwin.tar.gz"
url_api = "https://api.github.com/repos/astral-sh/uv/releases/assets/529690817"
provenance = "github-attestations"

[tools.uv."platforms.windows-x64"]
checksum = "sha256:df7cb9f243eae1621400d4fcf5b1b3d90f20e264ece91b64deb3b0078abca6ef"
url = "https://github.com/astral-sh/uv/releases/download/0.12.6/uv-x86_64-pc-windows-msvc.zip"
url_api = "https://api.github.com/repos/astral-sh/uv/releases/assets/529690826"
provenance = "github-attestations"

[[tools.zls]]
version = "0.16.0"
backend = "aqua:zigtools/zls"
specifiers = ["0.16.0"]

[tools.zls."platforms.linux-arm64"]
url = "https://builds.zigtools.org/zls-aarch64-linux-0.16.0.tar.xz"
provenance = "minisign"

[tools.zls."platforms.linux-arm64-musl"]
url = "https://builds.zigtools.org/zls-aarch64-linux-0.16.0.tar.xz"
provenance = "minisign"

[tools.zls."platforms.linux-x64"]
url = "https://builds.zigtools.org/zls-x86_64-linux-0.16.0.tar.xz"
provenance = "minisign"

[tools.zls."platforms.linux-x64-musl"]
url = "https://builds.zigtools.org/zls-x86_64-linux-0.16.0.tar.xz"
provenance = "minisign"

[tools.zls."platforms.macos-arm64"]
url = "https://builds.zigtools.org/zls-aarch64-macos-0.16.0.tar.xz"
provenance = "minisign"

[tools.zls."platforms.macos-x64"]
url = "https://builds.zigtools.org/zls-x86_64-macos-0.16.0.tar.xz"
provenance = "minisign"

[tools.zls."platforms.windows-x64"]
url = "https://builds.zigtools.org/zls-x86_64-windows-0.16.0.zip"
provenance = "minisign"
