lockfileVersion: '9.0'

settings:
  autoInstallPeers: true
  excludeLinksFromLockfile: false

importers:

  .:
    dependencies:
      '@ampcode/cli':
        specifier: 0.0.1791091069-gb9917f
        version: 0.0.1791091069-gb9917f

packages:

  '@ampcode/cli-darwin-arm64@0.0.1791091069-gb9917f':
    resolution: {integrity: sha512-MMPp32EbXkj205XHQQywmtV25AB0piRsUc4Hww+B3mMx3BcVutcCsyI2RYtaNWJUk5eDeCEPmyJgmNtVtgRpeA==}
    cpu: [arm64]
    os: [darwin]

  '@ampcode/cli-darwin-x64@0.0.1791091069-gb9917f':
    resolution: {integrity: sha512-U8wKixgIUQbaG0URVhjOK93QO5HHmz9oH8QEayOLflG1hYMLF6Rng6Rhj8t33ZVygtVVp9C9O6e/y2fxe/7t+g==}
    cpu: [x64]
    os: [darwin]

  '@ampcode/cli-linux-arm64@0.0.1791091069-gb9917f':
    resolution: {integrity: sha512-5C0xelMKMaSJt4YX27NNHTaCUhqHnNphHF2Je9Ih2BSKxPhJ/XsPVsG3y23dzztbPkSXZN8PvmPjo58sgDJUHg==}
    cpu: [arm64]
    os: [linux]
    libc: [glibc]

  '@ampcode/cli-linux-x64@0.0.1791091069-gb9917f':
    resolution: {integrity: sha512-1GGFdN8isL0V0V2SpbXZvG2gPFLecfiUteCviDRf5/++1c4RQWBhelhyuT21G21CK9ddqgEElZ734wirba2dmQ==}
    cpu: [x64]
    os: [linux]
    libc: [glibc]

  '@ampcode/cli-win32-x64@0.0.1791091069-gb9917f':
    resolution: {integrity: sha512-wWDnzs8Q9dJeY9lzXUTvfwJXWM+FsOUPjXvmBPagLZsSkEuiBizxdJFKJ4ztSmh0jCYixsr1HwygEWVIXRZBHQ==}
    cpu: [x64]
    os: [win32]

  '@ampcode/cli@0.0.1791091069-gb9917f':
    resolution: {integrity: sha512-i+H++Q12PsB0XxY54D5Ehhcttdx1zTx5cEsA4T0MK/CzTNFWACs7/9osNnqT0kZafHHPeSHNOakhn51xt/Wj9g==}
    hasBin: true

snapshots:

  '@ampcode/cli-darwin-arm64@0.0.1791091069-gb9917f':
    optional: true

  '@ampcode/cli-darwin-x64@0.0.1791091069-gb9917f':
    optional: true

  '@ampcode/cli-linux-arm64@0.0.1791091069-gb9917f':
    optional: true

  '@ampcode/cli-linux-x64@0.0.1791091069-gb9917f':
    optional: true

  '@ampcode/cli-win32-x64@0.0.1791091069-gb9917f':
    optional: true

  '@ampcode/cli@0.0.1791091069-gb9917f':
    optionalDependencies:
      '@ampcode/cli-darwin-arm64': 0.0.1791091069-gb9917f
      '@ampcode/cli-darwin-x64': 0.0.1791091069-gb9917f
      '@ampcode/cli-linux-arm64': 0.0.1791091069-gb9917f
      '@ampcode/cli-linux-x64': 0.0.1791091069-gb9917f
      '@ampcode/cli-win32-x64': 0.0.1791091069-gb9917f
